<?xml version="1.0" encoding="utf-8"?>
<Project ToolsVersion="4.0" xmlns="http://schemas.microsoft.com/developer/msbuild/2003">
  <ItemGroup>
    <Filter Include="geometryObjects">
      <UniqueIdentifier>{7ec4caa3-9787-48ef-941f-da264f255464}</UniqueIdentifier>
    </Filter>
    <Filter Include="operations">
      <UniqueIdentifier>{952cd94f-f5fe-4d05-b39a-23825d44d253}</UniqueIdentifier>
    </Filter>
  </ItemGroup>
  <ItemGroup>
    <ClInclude Include="operations\operations.h">
      <Filter>operations</Filter>
    </ClInclude>
    <ClInclude Include="geometryObjects\indexAccessor.h">
      <Filter>geometryObjects</Filter>
    </ClInclude>
    <ClInclude Include="geometryObjects\point.h">
      <Filter>geometryObjects</Filter>
    </ClInclude>
    <ClInclude Include="geometryObjects\vector.h">
      <Filter>geometryObjects</Filter>
    </ClInclude>
    <ClInclude Include="geometryObjects\triangle.h">
      <Filter>geometryObjects</Filter>
    </ClInclude>
  </ItemGroup>
  <ItemGroup>
    <ClCompile Include="operations\operations.cpp">
      <Filter>operations</Filter>
    </ClCompile>
  </ItemGroup>
  <ItemGroup>
    <Natvis Include="natvis\cppgraphicslib.natvis" />
  </ItemGroup>
</Project>