<?xml version="1.0" encoding="utf-8"?>
<Project ToolsVersion="4.0" xmlns="http://schemas.microsoft.com/developer/msbuild/2003">
  <ItemGroup>
    <Filter Include="eventHandlers">
      <UniqueIdentifier>{c708ef8c-fac6-416b-b7cc-d18b2b36bed7}</UniqueIdentifier>
    </Filter>
    <Filter Include="listeners">
      <UniqueIdentifier>{ce2545a1-ccd9-490f-a2d0-9388afb7dba9}</UniqueIdentifier>
    </Filter>
    <Filter Include="observables">
      <UniqueIdentifier>{182263bd-e914-43e2-b131-8f8d1b4f748c}</UniqueIdentifier>
    </Filter>
    <Filter Include="wrappers">
      <UniqueIdentifier>{01b5d2c0-67bc-4128-b0f3-0491b6879b95}</UniqueIdentifier>
    </Filter>
    <Filter Include="sprites">
      <UniqueIdentifier>{65458949-3fe9-467d-9944-c5162ae28190}</UniqueIdentifier>
    </Filter>
    <Filter Include="nodes">
      <UniqueIdentifier>{d36b69f6-b8f0-4e85-b524-79d253a2e9fa}</UniqueIdentifier>
    </Filter>
    <Filter Include="utils">
      <UniqueIdentifier>{47a5f65c-e24c-4759-b3ba-e93c42e5248e}</UniqueIdentifier>
    </Filter>
    <Filter Include="GLSL">
      <UniqueIdentifier>{44460d8a-607a-42b2-813c-ca55fd00eccc}</UniqueIdentifier>
    </Filter>
    <Filter Include="main">
      <UniqueIdentifier>{c80598fc-8cd9-4821-8369-fa09254ae3dd}</UniqueIdentifier>
    </Filter>
    <Filter Include="tools">
      <UniqueIdentifier>{e6310d19-4257-4cdc-a49c-b27bf06ee650}</UniqueIdentifier>
    </Filter>
    <Filter Include="commands">
      <UniqueIdentifier>{78f40661-d1d1-46ba-937c-80b0f4d20201}</UniqueIdentifier>
    </Filter>
  </ItemGroup>
  <ItemGroup>
    <ClCompile Include="eventhandlers\eventClassifier.cpp">
      <Filter>eventHandlers</Filter>
    </ClCompile>
    <ClCompile Include="eventhandlers\eventsManager.cpp">
      <Filter>eventHandlers</Filter>
    </ClCompile>
    <ClCompile Include="eventhandlers\mainLoop.cpp">
      <Filter>eventHandlers</Filter>
    </ClCompile>
    <ClCompile Include="wrappers\SDL_WindowWrapper.cpp">
      <Filter>wrappers</Filter>
    </ClCompile>
    <ClCompile Include="wrappers\SDL_GLContextWrapper.cpp">
      <Filter>wrappers</Filter>
    </ClCompile>
    <ClCompile Include="observables\inputEventObservable.cpp">
      <Filter>observables</Filter>
    </ClCompile>
    <ClCompile Include="listeners\inputEventListener.cpp">
      <Filter>listeners</Filter>
    </ClCompile>
    <ClCompile Include="listeners\inputEventLogger.cpp">
      <Filter>listeners</Filter>
    </ClCompile>
    <ClCompile Include="utils\SDLUtils.cpp">
      <Filter>utils</Filter>
    </ClCompile>
    <ClCompile Include="GLSL\GLSLShaderCompiler.cpp">
      <Filter>GLSL</Filter>
    </ClCompile>
    <ClCompile Include="GLSL\GLSLProgramBase.cpp">
      <Filter>GLSL</Filter>
    </ClCompile>
    <ClCompile Include="GLSL\GLSLProgramTriangle.cpp">
      <Filter>GLSL</Filter>
    </ClCompile>
    <ClCompile Include="GLSL\GLSLProgramRayTracing.cpp">
      <Filter>GLSL</Filter>
    </ClCompile>
    <ClCompile Include="GLSL\GLSLProgramMandelbrot.cpp">
      <Filter>GLSL</Filter>
    </ClCompile>
    <ClCompile Include="GLSL\GLSLProgramFragmentShader.cpp">
      <Filter>GLSL</Filter>
    </ClCompile>
    <ClCompile Include="GLSL\GLSLProgramColoring.cpp">
      <Filter>GLSL</Filter>
    </ClCompile>
    <ClCompile Include="main\contextProvider.cpp">
      <Filter>main</Filter>
    </ClCompile>
    <ClCompile Include="main\main.cpp">
      <Filter>main</Filter>
    </ClCompile>
    <ClCompile Include="tools\sceneRotatingTool.cpp">
      <Filter>tools</Filter>
    </ClCompile>
    <ClCompile Include="commands\GLSLProgramsManager.cpp">
      <Filter>commands</Filter>
    </ClCompile>
  </ItemGroup>
  <ItemGroup>
    <ClInclude Include="eventhandlers\eventClassifier.h">
      <Filter>eventHandlers</Filter>
    </ClInclude>
    <ClInclude Include="wrappers\SDL_GLContextWrapper.h">
      <Filter>wrappers</Filter>
    </ClInclude>
    <ClInclude Include="wrappers\SDL_WindowWrapper.h">
      <Filter>wrappers</Filter>
    </ClInclude>
    <ClInclude Include="eventhandlers\eventsManager.h">
      <Filter>eventHandlers</Filter>
    </ClInclude>
    <ClInclude Include="eventhandlers\mainLoop.h">
      <Filter>eventHandlers</Filter>
    </ClInclude>
    <ClInclude Include="nodes\graphicsNode.h">
      <Filter>nodes</Filter>
    </ClInclude>
    <ClInclude Include="observables\inputEventObservable.h">
      <Filter>observables</Filter>
    </ClInclude>
    <ClInclude Include="listeners\inputEventListener.h">
      <Filter>listeners</Filter>
    </ClInclude>
    <ClInclude Include="listeners\inputEventLogger.h">
      <Filter>listeners</Filter>
    </ClInclude>
    <ClInclude Include="utils\SDLUtils.h">
      <Filter>utils</Filter>
    </ClInclude>
    <ClInclude Include="GLSL\GLSLShaderCompiler.h">
      <Filter>GLSL</Filter>
    </ClInclude>
    <ClInclude Include="GLSL\GLSLProgramBase.h">
      <Filter>GLSL</Filter>
    </ClInclude>
    <ClInclude Include="GLSL\GLSLProgramTriangle.h">
      <Filter>GLSL</Filter>
    </ClInclude>
    <ClInclude Include="GLSL\GLSLProgramRayTracing.h">
      <Filter>GLSL</Filter>
    </ClInclude>
    <ClInclude Include="GLSL\GLSLProgramMandelbrot.h">
      <Filter>GLSL</Filter>
    </ClInclude>
    <ClInclude Include="GLSL\GLSLProgramFragmentShader.h">
      <Filter>GLSL</Filter>
    </ClInclude>
    <ClInclude Include="GLSL\GLSLProgramColoring.h">
      <Filter>GLSL</Filter>
    </ClInclude>
    <ClInclude Include="main\contextProvider.h">
      <Filter>main</Filter>
    </ClInclude>
    <ClInclude Include="tools\sceneRotatingTool.h">
      <Filter>tools</Filter>
    </ClInclude>
    <ClInclude Include="commands\GLSLProgramsManager.h">
      <Filter>commands</Filter>
    </ClInclude>
  </ItemGroup>
</Project>