<?xml version="1.0" encoding="utf-8"?>
<Project ToolsVersion="4.0" xmlns="http://schemas.microsoft.com/developer/msbuild/2003">
  <ItemGroup>
    <Filter Include="eventHandlers">
      <UniqueIdentifier>{c708ef8c-fac6-416b-b7cc-d18b2b36bed7}</UniqueIdentifier>
    </Filter>
    <Filter Include="listeners">
      <UniqueIdentifier>{ce2545a1-ccd9-490f-a2d0-9388afb7dba9}</UniqueIdentifier>
    </Filter>
    <Filter Include="observables">
      <UniqueIdentifier>{182263bd-e914-43e2-b131-8f8d1b4f748c}</UniqueIdentifier>
    </Filter>
    <Filter Include="wrappers">
      <UniqueIdentifier>{01b5d2c0-67bc-4128-b0f3-0491b6879b95}</UniqueIdentifier>
    </Filter>
    <Filter Include="sprites">
      <UniqueIdentifier>{65458949-3fe9-467d-9944-c5162ae28190}</UniqueIdentifier>
    </Filter>
    <Filter Include="tools">
      <UniqueIdentifier>{44460d8a-607a-42b2-813c-ca55fd00eccc}</UniqueIdentifier>
    </Filter>
    <Filter Include="nodes">
      <UniqueIdentifier>{d36b69f6-b8f0-4e85-b524-79d253a2e9fa}</UniqueIdentifier>
    </Filter>
  </ItemGroup>
  <ItemGroup>
    <ClCompile Include="eventhandlers\eventClassifier.cpp">
      <Filter>eventHandlers</Filter>
    </ClCompile>
    <ClCompile Include="eventhandlers\eventsManager.cpp">
      <Filter>eventHandlers</Filter>
    </ClCompile>
    <ClCompile Include="eventhandlers\mainLoop.cpp">
      <Filter>eventHandlers</Filter>
    </ClCompile>
    <ClCompile Include="listeners\mouseEventListener.cpp">
      <Filter>listeners</Filter>
    </ClCompile>
    <ClCompile Include="listeners\mouseEventLogger.cpp">
      <Filter>listeners</Filter>
    </ClCompile>
    <ClCompile Include="observables\mouseEventObservable.cpp">
      <Filter>observables</Filter>
    </ClCompile>
    <ClCompile Include="wrappers\SDL_WindowWrapper.cpp">
      <Filter>wrappers</Filter>
    </ClCompile>
    <ClCompile Include="wrappers\SDL_GLContextWrapper.cpp">
      <Filter>wrappers</Filter>
    </ClCompile>
    <ClCompile Include="contextProvider.cpp" />
    <ClCompile Include="main.cpp" />
    <ClCompile Include="pointInSquare.cpp" />
    <ClCompile Include="sprites\triangleSprite.cpp">
      <Filter>sprites</Filter>
    </ClCompile>
    <ClCompile Include="spriteManager.cpp" />
    <ClCompile Include="tools\GLSLShaderToolBase.cpp">
      <Filter>tools</Filter>
    </ClCompile>
    <ClCompile Include="sprites\mondelbrotSprite.cpp">
      <Filter>sprites</Filter>
    </ClCompile>
    <ClCompile Include="sprites\spriteBase.cpp">
      <Filter>sprites</Filter>
    </ClCompile>
  </ItemGroup>
  <ItemGroup>
    <ClInclude Include="eventhandlers\eventClassifier.h">
      <Filter>eventHandlers</Filter>
    </ClInclude>
    <ClInclude Include="listeners\mouseEventListener.h">
      <Filter>listeners</Filter>
    </ClInclude>
    <ClInclude Include="listeners\mouseEventLogger.h">
      <Filter>listeners</Filter>
    </ClInclude>
    <ClInclude Include="observables\mouseEventObservable.h">
      <Filter>observables</Filter>
    </ClInclude>
    <ClInclude Include="wrappers\SDL_GLContextWrapper.h">
      <Filter>wrappers</Filter>
    </ClInclude>
    <ClInclude Include="wrappers\SDL_WindowWrapper.h">
      <Filter>wrappers</Filter>
    </ClInclude>
    <ClInclude Include="contextProvider.h" />
    <ClInclude Include="pointInSquare.h" />
    <ClInclude Include="eventhandlers\eventsManager.h">
      <Filter>eventHandlers</Filter>
    </ClInclude>
    <ClInclude Include="eventhandlers\mainLoop.h">
      <Filter>eventHandlers</Filter>
    </ClInclude>
    <ClInclude Include="sprites\triangleSprite.h">
      <Filter>sprites</Filter>
    </ClInclude>
    <ClInclude Include="spriteManager.h" />
    <ClInclude Include="tools\GLSLShaderToolBase.h">
      <Filter>tools</Filter>
    </ClInclude>
    <ClInclude Include="nodes\graphicsNode.h">
      <Filter>nodes</Filter>
    </ClInclude>
    <ClInclude Include="sprites\mondelbrotSprite.h">
      <Filter>sprites</Filter>
    </ClInclude>
    <ClInclude Include="sprites\spriteBase.h">
      <Filter>sprites</Filter>
    </ClInclude>
  </ItemGroup>
</Project>