<?xml version="1.0" encoding="utf-8"?>
<Project ToolsVersion="4.0" xmlns="http://schemas.microsoft.com/developer/msbuild/2003">
  <ItemGroup>
    <Filter Include="objects">
      <UniqueIdentifier>{2cf2f4c5-f247-42f2-b517-2f46cb28bcae}</UniqueIdentifier>
    </Filter>
    <Filter Include="model">
      <UniqueIdentifier>{9226e9a2-23e1-41f8-b1af-f0aabdb4887f}</UniqueIdentifier>
    </Filter>
    <Filter Include="materials">
      <UniqueIdentifier>{ff47dd34-fc9d-4095-afb8-951fa2df7fc6}</UniqueIdentifier>
    </Filter>
  </ItemGroup>
  <ItemGroup>
    <ClCompile Include="object\object.cpp">
      <Filter>objects</Filter>
    </ClCompile>
    <ClCompile Include="model\model.cpp">
      <Filter>model</Filter>
    </ClCompile>
    <ClCompile Include="object\sphereObject.cpp">
      <Filter>objects</Filter>
    </ClCompile>
    <ClCompile Include="object\objectsManager.cpp">
      <Filter>objects</Filter>
    </ClCompile>
    <ClCompile Include="object\objectsFactory.cpp">
      <Filter>objects</Filter>
    </ClCompile>
    <ClCompile Include="object\objectsInitializator.cpp">
      <Filter>objects</Filter>
    </ClCompile>
    <ClCompile Include="materials\materialsFactory.cpp">
      <Filter>materials</Filter>
    </ClCompile>
    <ClCompile Include="materials\material.cpp">
      <Filter>materials</Filter>
    </ClCompile>
  </ItemGroup>
  <ItemGroup>
    <ClInclude Include="object\object.h">
      <Filter>objects</Filter>
    </ClInclude>
    <ClInclude Include="model\model.h">
      <Filter>model</Filter>
    </ClInclude>
    <ClInclude Include="materials\material.h">
      <Filter>materials</Filter>
    </ClInclude>
    <ClInclude Include="object\sphereObject.h">
      <Filter>objects</Filter>
    </ClInclude>
    <ClInclude Include="object\objectsManager.h">
      <Filter>objects</Filter>
    </ClInclude>
    <ClInclude Include="object\objectsFactory.h">
      <Filter>objects</Filter>
    </ClInclude>
    <ClInclude Include="object\objectsInitializator.h">
      <Filter>objects</Filter>
    </ClInclude>
    <ClInclude Include="materials\materialsFactory.h">
      <Filter>materials</Filter>
    </ClInclude>
  </ItemGroup>
</Project>