<?xml version="1.0" encoding="utf-8"?>
<Project ToolsVersion="4.0" xmlns="http://schemas.microsoft.com/developer/msbuild/2003">
  <ItemGroup>
    <Filter Include="Source Files">
      <UniqueIdentifier>{4FC737F1-C7A5-4376-A066-2A32D752A2FF}</UniqueIdentifier>
      <Extensions>cpp;c;cc;cxx;def;odl;idl;hpj;bat;asm;asmx</Extensions>
    </Filter>
    <Filter Include="Header Files">
      <UniqueIdentifier>{93995380-89BD-4b04-88EB-625FBE52EBFB}</UniqueIdentifier>
      <Extensions>h;hh;hpp;hxx;hm;inl;inc;xsd</Extensions>
    </Filter>
    <Filter Include="Resource Files">
      <UniqueIdentifier>{67DA6AB6-F800-4c08-8B7A-83BB121AAD01}</UniqueIdentifier>
      <Extensions>rc;ico;cur;bmp;dlg;rc2;rct;bin;rgs;gif;jpg;jpeg;jpe;resx;tiff;tif;png;wav</Extensions>
    </Filter>
  </ItemGroup>
  <ItemGroup>
    <ClCompile Include="contextProvider.cpp">
      <Filter>Source Files</Filter>
    </ClCompile>
    <ClCompile Include="main.cpp">
      <Filter>Source Files</Filter>
    </ClCompile>
    <ClCompile Include="pointInSquare.cpp">
      <Filter>Source Files</Filter>
    </ClCompile>
    <ClCompile Include="eventhandlers\eventClassifier.cpp">
      <Filter>Source Files</Filter>
    </ClCompile>
    <ClCompile Include="eventhandlers\eventsManager.cpp">
      <Filter>Source Files</Filter>
    </ClCompile>
    <ClCompile Include="eventhandlers\mainLoop.cpp">
      <Filter>Source Files</Filter>
    </ClCompile>
    <ClCompile Include="listeners\mouseEventListener.cpp">
      <Filter>Source Files</Filter>
    </ClCompile>
    <ClCompile Include="listeners\mouseEventLogger.cpp">
      <Filter>Source Files</Filter>
    </ClCompile>
    <ClCompile Include="observables\mouseEventObservable.cpp">
      <Filter>Source Files</Filter>
    </ClCompile>
    <ClCompile Include="wrappers\SDL_GLContextWrapper.cpp">
      <Filter>Source Files</Filter>
    </ClCompile>
    <ClCompile Include="wrappers\SDL_WindowWrapper.cpp">
      <Filter>Source Files</Filter>
    </ClCompile>
  </ItemGroup>
  <ItemGroup>
    <ClInclude Include="contextProvider.hpp">
      <Filter>Header Files</Filter>
    </ClInclude>
    <ClInclude Include="pointInSquare.hpp">
      <Filter>Header Files</Filter>
    </ClInclude>
    <ClInclude Include="eventhandlers\eventClassifier.hpp">
      <Filter>Header Files</Filter>
    </ClInclude>
    <ClInclude Include="eventhandlers\eventsManager.hpp">
      <Filter>Header Files</Filter>
    </ClInclude>
    <ClInclude Include="eventhandlers\mainLoop.hpp">
      <Filter>Header Files</Filter>
    </ClInclude>
    <ClInclude Include="listeners\mouseEventListener.hpp">
      <Filter>Header Files</Filter>
    </ClInclude>
    <ClInclude Include="listeners\mouseEventLogger.hpp">
      <Filter>Header Files</Filter>
    </ClInclude>
    <ClInclude Include="observables\mouseEventObservable.hpp">
      <Filter>Header Files</Filter>
    </ClInclude>
    <ClInclude Include="shaders\fragmentShader.hpp">
      <Filter>Header Files</Filter>
    </ClInclude>
    <ClInclude Include="shaders\vertexShader.hpp">
      <Filter>Header Files</Filter>
    </ClInclude>
    <ClInclude Include="wrappers\SDL_GLContextWrapper.hpp">
      <Filter>Header Files</Filter>
    </ClInclude>
    <ClInclude Include="wrappers\SDL_WindowWrapper.hpp">
      <Filter>Header Files</Filter>
    </ClInclude>
  </ItemGroup>
</Project>