<?xml version="1.0" encoding="utf-8"?>
<Project ToolsVersion="4.0" xmlns="http://schemas.microsoft.com/developer/msbuild/2003">
  <ItemGroup>
    <Filter Include="eventHandlers">
      <UniqueIdentifier>{c708ef8c-fac6-416b-b7cc-d18b2b36bed7}</UniqueIdentifier>
    </Filter>
    <Filter Include="listeners">
      <UniqueIdentifier>{ce2545a1-ccd9-490f-a2d0-9388afb7dba9}</UniqueIdentifier>
    </Filter>
    <Filter Include="observables">
      <UniqueIdentifier>{182263bd-e914-43e2-b131-8f8d1b4f748c}</UniqueIdentifier>
    </Filter>
    <Filter Include="shaders">
      <UniqueIdentifier>{c4e2d7c5-7948-48d1-bab8-f2d88ce1c812}</UniqueIdentifier>
    </Filter>
    <Filter Include="wrappers">
      <UniqueIdentifier>{01b5d2c0-67bc-4128-b0f3-0491b6879b95}</UniqueIdentifier>
    </Filter>
  </ItemGroup>
  <ItemGroup>
    <ClCompile Include="eventhandlers\eventClassifier.cpp">
      <Filter>eventHandlers</Filter>
    </ClCompile>
    <ClCompile Include="eventhandlers\eventsManager.cpp">
      <Filter>eventHandlers</Filter>
    </ClCompile>
    <ClCompile Include="eventhandlers\mainLoop.cpp">
      <Filter>eventHandlers</Filter>
    </ClCompile>
    <ClCompile Include="listeners\mouseEventListener.cpp">
      <Filter>listeners</Filter>
    </ClCompile>
    <ClCompile Include="listeners\mouseEventLogger.cpp">
      <Filter>listeners</Filter>
    </ClCompile>
    <ClCompile Include="observables\mouseEventObservable.cpp">
      <Filter>observables</Filter>
    </ClCompile>
    <ClCompile Include="wrappers\SDL_WindowWrapper.cpp">
      <Filter>wrappers</Filter>
    </ClCompile>
    <ClCompile Include="wrappers\SDL_GLContextWrapper.cpp">
      <Filter>wrappers</Filter>
    </ClCompile>
    <ClCompile Include="contextProvider.cpp" />
    <ClCompile Include="main.cpp" />
    <ClCompile Include="pointInSquare.cpp" />
  </ItemGroup>
  <ItemGroup>
    <ClInclude Include="eventhandlers\eventClassifier.hpp">
      <Filter>eventHandlers</Filter>
    </ClInclude>
    <ClInclude Include="eventhandlers\eventsManager.hpp">
      <Filter>eventHandlers</Filter>
    </ClInclude>
    <ClInclude Include="eventhandlers\mainLoop.hpp">
      <Filter>eventHandlers</Filter>
    </ClInclude>
    <ClInclude Include="listeners\mouseEventListener.hpp">
      <Filter>listeners</Filter>
    </ClInclude>
    <ClInclude Include="listeners\mouseEventLogger.hpp">
      <Filter>listeners</Filter>
    </ClInclude>
    <ClInclude Include="observables\mouseEventObservable.hpp">
      <Filter>observables</Filter>
    </ClInclude>
    <ClInclude Include="shaders\fragmentShader.hpp">
      <Filter>shaders</Filter>
    </ClInclude>
    <ClInclude Include="shaders\vertexShader.hpp">
      <Filter>shaders</Filter>
    </ClInclude>
    <ClInclude Include="wrappers\SDL_GLContextWrapper.hpp">
      <Filter>wrappers</Filter>
    </ClInclude>
    <ClInclude Include="wrappers\SDL_WindowWrapper.hpp">
      <Filter>wrappers</Filter>
    </ClInclude>
    <ClInclude Include="contextProvider.hpp" />
    <ClInclude Include="pointInSquare.hpp" />
  </ItemGroup>
</Project>